
Microsoft Visual Studio Solution File, Format Version 12.00
# Visual Studio Version 16
VisualStudioVersion = 16.0.29102.190
MinimumVisualStudioVersion = 10.0.40219.1
Project("{9A19103F-16F7-4668-BE54-9A1E7A4F7556}") = "DevsDNA.Plugins.SimpleLog", "DevsDNA.Plugins.SimpleLog\DevsDNA.Plugins.SimpleLog.csproj", "{4F01EB8E-D0B5-4592-BDAE-F62FE012C0AB}"
EndProject
Project("{2150E333-8FDC-42A3-9474-1A3956D46DE8}") = "SimpleLog", "SimpleLog", "{4D355956-953D-4593-A4BA-EB904D44C734}"
EndProject
Project("{FAE04EC0-301F-11D3-BF4B-00C04F79EFBC}") = "DevsDNA.Plugins.SimpleLog.Tests", "DevsDNA.Plugins.SimpleLog.Tests\DevsDNA.Plugins.SimpleLog.Tests.csproj", "{597F6E5C-5190-45C9-9B9D-0DBF61A2C252}"
EndProject
Global
	GlobalSection(SolutionConfigurationPlatforms) = preSolution
		Debug|Any CPU = Debug|Any CPU
		Release|Any CPU = Release|Any CPU
	EndGlobalSection
	GlobalSection(ProjectConfigurationPlatforms) = postSolution
		{4F01EB8E-D0B5-4592-BDAE-F62FE012C0AB}.Debug|Any CPU.ActiveCfg = Debug|Any CPU
		{4F01EB8E-D0B5-4592-BDAE-F62FE012C0AB}.Debug|Any CPU.Build.0 = Debug|Any CPU
		{4F01EB8E-D0B5-4592-BDAE-F62FE012C0AB}.Release|Any CPU.ActiveCfg = Release|Any CPU
		{4F01EB8E-D0B5-4592-BDAE-F62FE012C0AB}.Release|Any CPU.Build.0 = Release|Any CPU
		{597F6E5C-5190-45C9-9B9D-0DBF61A2C252}.Debug|Any CPU.ActiveCfg = Debug|Any CPU
		{597F6E5C-5190-45C9-9B9D-0DBF61A2C252}.Debug|Any CPU.Build.0 = Debug|Any CPU
		{597F6E5C-5190-45C9-9B9D-0DBF61A2C252}.Release|Any CPU.ActiveCfg = Release|Any CPU
		{597F6E5C-5190-45C9-9B9D-0DBF61A2C252}.Release|Any CPU.Build.0 = Release|Any CPU
	EndGlobalSection
	GlobalSection(SolutionProperties) = preSolution
		HideSolutionNode = FALSE
	EndGlobalSection
	GlobalSection(NestedProjects) = preSolution
		{4F01EB8E-D0B5-4592-BDAE-F62FE012C0AB} = {4D355956-953D-4593-A4BA-EB904D44C734}
		{597F6E5C-5190-45C9-9B9D-0DBF61A2C252} = {4D355956-953D-4593-A4BA-EB904D44C734}
	EndGlobalSection
	GlobalSection(ExtensibilityGlobals) = postSolution
		SolutionGuid = {67E17FD5-7CCA-4CD2-9E7C-7A4510049BAC}
	EndGlobalSection
EndGlobal
